// !$*UTF8*$!
{
	archiveVersion = 1;
	classes = {
	};
	objectVersion = 46;
	objects = {

/* Begin PBXBuildFile section */
		324B26001E1FD37200893BD8 /* AppDelegate.swift in Sources */ = {isa = PBXBuildFile; fileRef = 324B25FF1E1FD37200893BD8 /* AppDelegate.swift */; };
		324B26021E1FD37200893BD8 /* ViewController.swift in Sources */ = {isa = PBXBuildFile; fileRef = 324B26011E1FD37200893BD8 /* ViewController.swift */; };
		324B26051E1FD37200893BD8 /* Main.storyboard in Resources */ = {isa = PBXBuildFile; fileRef = 324B26031E1FD37200893BD8 /* Main.storyboard */; };
		324B26071E1FD37200893BD8 /* Assets.xcassets in Resources */ = {isa = PBXBuildFile; fileRef = 324B26061E1FD37200893BD8 /* Assets.xcassets */; };
		324B260A1E1FD37200893BD8 /* LaunchScreen.storyboard in Resources */ = {isa = PBXBuildFile; fileRef = 324B26081E1FD37200893BD8 /* LaunchScreen.storyboard */; };
		324B26121E1FFAEB00893BD8 /* UIColorExtensions.swift in Sources */ = {isa = PBXBuildFile; fileRef = 324B26111E1FFAEB00893BD8 /* UIColorExtensions.swift */; };
		324B26141E1FFCE000893BD8 /* Circle.swift in Sources */ = {isa = PBXBuildFile; fileRef = 324B26131E1FFCE000893BD8 /* Circle.swift */; };
/* End PBXBuildFile section */

/* Begin PBXFileReference section */
		324B25FC1E1FD37200893BD8 /* UIKitDynamicsDemo.app */ = {isa = PBXFileReference; explicitFileType = wrapper.application; includeInIndex = 0; path = UIKitDynamicsDemo.app; sourceTree = BUILT_PRODUCTS_DIR; };
		324B25FF1E1FD37200893BD8 /* AppDelegate.swift */ = {isa = PBXFileReference; lastKnownFileType = sourcecode.swift; path = AppDelegate.swift; sourceTree = "<group>"; };
		324B26011E1FD37200893BD8 /* ViewController.swift */ = {isa = PBXFileReference; lastKnownFileType = sourcecode.swift; path = ViewController.swift; sourceTree = "<group>"; };
		324B26041E1FD37200893BD8 /* Base */ = {isa = PBXFileReference; lastKnownFileType = file.storyboard; name = Base; path = Base.lproj/Main.storyboard; sourceTree = "<group>"; };
		324B26061E1FD37200893BD8 /* Assets.xcassets */ = {isa = PBXFileReference; lastKnownFileType = folder.assetcatalog; path = Assets.xcassets; sourceTree = "<group>"; };
		324B26091E1FD37200893BD8 /* Base */ = {isa = PBXFileReference; lastKnownFileType = file.storyboard; name = Base; path = Base.lproj/LaunchScreen.storyboard; sourceTree = "<group>"; };
		324B260B1E1FD37200893BD8 /* Info.plist */ = {isa = PBXFileReference; lastKnownFileType = text.plist.xml; path = Info.plist; sourceTree = "<group>"; };
		324B26111E1FFAEB00893BD8 /* UIColorExtensions.swift */ = {isa = PBXFileReference; fileEncoding = 4; lastKnownFileType = sourcecode.swift; name = UIColorExtensions.swift; path = ../UIColorExtensions.swift; sourceTree = "<group>"; };
		324B26131E1FFCE000893BD8 /* Circle.swift */ = {isa = PBXFileReference; fileEncoding = 4; lastKnownFileType = sourcecode.swift; path = Circle.swift; sourceTree = "<group>"; };
/* End PBXFileReference section */

/* Begin PBXFrameworksBuildPhase section */
		324B25F91E1FD37200893BD8 /* Frameworks */ = {
			isa = PBXFrameworksBuildPhase;
			buildActionMask = 2147483647;
			files = (
			);
			runOnlyForDeploymentPostprocessing = 0;
		};
/* End PBXFrameworksBuildPhase section */

/* Begin PBXGroup section */
		324B25F31E1FD37200893BD8 = {
			isa = PBXGroup;
			children = (
				324B25FE1E1FD37200893BD8 /* UIKitDynamicsDemo */,
				324B25FD1E1FD37200893BD8 /* Products */,
			);
			sourceTree = "<group>";
		};
		324B25FD1E1FD37200893BD8 /* Products */ = {
			isa = PBXGroup;
			children = (
				324B25FC1E1FD37200893BD8 /* UIKitDynamicsDemo.app */,
			);
			name = Products;
			sourceTree = "<group>";
		};
		324B25FE1E1FD37200893BD8 /* UIKitDynamicsDemo */ = {
			isa = PBXGroup;
			children = (
				324B25FF1E1FD37200893BD8 /* AppDelegate.swift */,
				324B26011E1FD37200893BD8 /* ViewController.swift */,
				324B26131E1FFCE000893BD8 /* Circle.swift */,
				324B26111E1FFAEB00893BD8 /* UIColorExtensions.swift */,
				324B26031E1FD37200893BD8 /* Main.storyboard */,
				324B26061E1FD37200893BD8 /* Assets.xcassets */,
				324B26081E1FD37200893BD8 /* LaunchScreen.storyboard */,
				324B260B1E1FD37200893BD8 /* Info.plist */,
			);
			path = UIKitDynamicsDemo;
			sourceTree = "<group>";
		};
/* End PBXGroup section */

/* Begin PBXNativeTarget section */
		324B25FB1E1FD37200893BD8 /* UIKitDynamicsDemo */ = {
			isa = PBXNativeTarget;
			buildConfigurationList = 324B260E1E1FD37200893BD8 /* Build configuration list for PBXNativeTarget "UIKitDynamicsDemo" */;
			buildPhases = (
				324B25F81E1FD37200893BD8 /* Sources */,
				324B25F91E1FD37200893BD8 /* Frameworks */,
				324B25FA1E1FD37200893BD8 /* Resources */,
			);
			buildRules = (
			);
			dependencies = (
			);
			name = UIKitDynamicsDemo;
			productName = UIKitDynamicsDemo;
			productReference = 324B25FC1E1FD37200893BD8 /* UIKitDynamicsDemo.app */;
			productType = "com.apple.product-type.application";
		};
/* End PBXNativeTarget section */

/* Begin PBXProject section */
		324B25F41E1FD37200893BD8 /* Project object */ = {
			isa = PBXProject;
			attributes = {
				LastSwiftUpdateCheck = 0810;
				LastUpgradeCheck = 0810;
				ORGANIZATIONNAME = "Stoyan Stoyanov";
				TargetAttributes = {
					324B25FB1E1FD37200893BD8 = {
						CreatedOnToolsVersion = 8.1;
						DevelopmentTeam = H3KK5B2KGB;
						ProvisioningStyle = Manual;
					};
				};
			};
			buildConfigurationList = 324B25F71E1FD37200893BD8 /* Build configuration list for PBXProject "UIKitDynamicsDemo" */;
			compatibilityVersion = "Xcode 3.2";
			developmentRegion = English;
			hasScannedForEncodings = 0;
			knownRegions = (
				en,
				Base,
			);
			mainGroup = 324B25F31E1FD37200893BD8;
			productRefGroup = 324B25FD1E1FD37200893BD8 /* Products */;
			projectDirPath = "";
			projectRoot = "";
			targets = (
				324B25FB1E1FD37200893BD8 /* UIKitDynamicsDemo */,
			);
		};
/* End PBXProject section */

/* Begin PBXResourcesBuildPhase section */
		324B25FA1E1FD37200893BD8 /* Resources */ = {
			isa = PBXResourcesBuildPhase;
			buildActionMask = 2147483647;
			files = (
				324B260A1E1FD37200893BD8 /* LaunchScreen.storyboard in Resources */,
				324B26071E1FD37200893BD8 /* Assets.xcassets in Resources */,
				324B26051E1FD37200893BD8 /* Main.storyboard in Resources */,
			);
			runOnlyForDeploymentPostprocessing = 0;
		};
/* End PBXResourcesBuildPhase section */

/* Begin PBXSourcesBuildPhase section */
		324B25F81E1FD37200893BD8 /* Sources */ = {
			isa = PBXSourcesBuildPhase;
			buildActionMask = 2147483647;
			files = (
				324B26121E1FFAEB00893BD8 /* UIColorExtensions.swift in Sources */,
				324B26141E1FFCE000893BD8 /* Circle.swift in Sources */,
				324B26021E1FD37200893BD8 /* ViewController.swift in Sources */,
				324B26001E1FD37200893BD8 /* AppDelegate.swift in Sources */,
			);
			runOnlyForDeploymentPostprocessing = 0;
		};
/* End PBXSourcesBuildPhase section */

/* Begin PBXVariantGroup section */
		324B26031E1FD37200893BD8 /* Main.storyboard */ = {
			isa = PBXVariantGroup;
			children = (
				324B26041E1FD37200893BD8 /* Base */,
			);
			name = Main.storyboard;
			sourceTree = "<group>";
		};
		324B26081E1FD37200893BD8 /* LaunchScreen.storyboard */ = {
			isa = PBXVariantGroup;
			children = (
				324B26091E1FD37200893BD8 /* Base */,
			);
			name = LaunchScreen.storyboard;
			sourceTree = "<group>";
		};
/* End PBXVariantGroup section */

/* Begin XCBuildConfiguration section */
		324B260C1E1FD37200893BD8 /* Debug */ = {
			isa = XCBuildConfiguration;
			buildSettings = {
				ALWAYS_SEARCH_USER_PATHS = NO;
				CLANG_ANALYZER_NONNULL = YES;
				CLANG_CXX_LANGUAGE_STANDARD = "gnu++0x";
				CLANG_CXX_LIBRARY = "libc++";
				CLANG_ENABLE_MODULES = YES;
				CLANG_ENABLE_OBJC_ARC = YES;
				CLANG_WARN_BOOL_CONVERSION = YES;
				CLANG_WARN_CONSTANT_CONVERSION = YES;
				CLANG_WARN_DIRECT_OBJC_ISA_USAGE = YES_ERROR;
				CLANG_WARN_DOCUMENTATION_COMMENTS = YES;
				CLANG_WARN_EMPTY_BODY = YES;
				CLANG_WARN_ENUM_CONVERSION = YES;
				CLANG_WARN_INFINITE_RECURSION = YES;
				CLANG_WARN_INT_CONVERSION = YES;
				CLANG_WARN_OBJC_ROOT_CLASS = YES_ERROR;
				CLANG_WARN_SUSPICIOUS_MOVES = YES;
				CLANG_WARN_UNREACHABLE_CODE = YES;
				CLANG_WARN__DUPLICATE_METHOD_MATCH = YES;
				"CODE_SIGN_IDENTITY[sdk=iphoneos*]" = "iPhone Developer";
				COPY_PHASE_STRIP = NO;
				DEBUG_INFORMATION_FORMAT = dwarf;
				ENABLE_STRICT_OBJC_MSGSEND = YES;
				ENABLE_TESTABILITY = YES;
				GCC_C_LANGUAGE_STANDARD = gnu99;
				GCC_DYNAMIC_NO_PIC = NO;
				GCC_NO_COMMON_BLOCKS = YES;
				GCC_OPTIMIZATION_LEVEL = 0;
				GCC_PREPROCESSOR_DEFINITIONS = (
					"DEBUG=1",
					"$(inherited)",
				);
				GCC_WARN_64_TO_32_BIT_CONVERSION = YES;
				GCC_WARN_ABOUT_RETURN_TYPE = YES_ERROR;
				GCC_WARN_UNDECLARED_SELECTOR = YES;
				GCC_WARN_UNINITIALIZED_AUTOS = YES_AGGRESSIVE;
				GCC_WARN_UNUSED_FUNCTION = YES;
				GCC_WARN_UNUSED_VARIABLE = YES;
				IPHONEOS_DEPLOYMENT_TARGET = 9.3;
				MTL_ENABLE_DEBUG_INFO = YES;
				ONLY_ACTIVE_ARCH = YES;
				SDKROOT = iphoneos;
				SWIFT_ACTIVE_COMPILATION_CONDITIONS = DEBUG;
				SWIFT_OPTIMIZATION_LEVEL = "-Onone";
				TARGETED_DEVICE_FAMILY = "1,2";
			};
			name = Debug;
		};
		324B260D1E1FD37200893BD8 /* Release */ = {
			isa = XCBuildConfiguration;
			buildSettings = {
				ALWAYS_SEARCH_USER_PATHS = NO;
				CLANG_ANALYZER_NONNULL = YES;
				CLANG_CXX_LANGUAGE_STANDARD = "gnu++0x";
				CLANG_CXX_LIBRARY = "libc++";
				CLANG_ENABLE_MODULES = YES;
				CLANG_ENABLE_OBJC_ARC = YES;
				CLANG_WARN_BOOL_CONVERSION = YES;
				CLANG_WARN_CONSTANT_CONVERSION = YES;
				CLANG_WARN_DIRECT_OBJC_ISA_USAGE = YES_ERROR;
				CLANG_WARN_DOCUMENTATION_COMMENTS = YES;
				CLANG_WARN_EMPTY_BODY = YES;
				CLANG_WARN_ENUM_CONVERSION = YES;
				CLANG_WARN_INFINITE_RECURSION = YES;
				CLANG_WARN_INT_CONVERSION = YES;
				CLANG_WARN_OBJC_ROOT_CLASS = YES_ERROR;
				CLANG_WARN_SUSPICIOUS_MOVES = YES;
				CLANG_WARN_UNREACHABLE_CODE = YES;
				CLANG_WARN__DUPLICATE_METHOD_MATCH = YES;
				"CODE_SIGN_IDENTITY[sdk=iphoneos*]" = "iPhone Developer";
				COPY_PHASE_STRIP = NO;
				DEBUG_INFORMATION_FORMAT = "dwarf-with-dsym";
				ENABLE_NS_ASSERTIONS = NO;
				ENABLE_STRICT_OBJC_MSGSEND = YES;
				GCC_C_LANGUAGE_STANDARD = gnu99;
				GCC_NO_COMMON_BLOCKS = YES;
				GCC_WARN_64_TO_32_BIT_CONVERSION = YES;
				GCC_WARN_ABOUT_RETURN_TYPE = YES_ERROR;
				GCC_WARN_UNDECLARED_SELECTOR = YES;
				GCC_WARN_UNINITIALIZED_AUTOS = YES_AGGRESSIVE;
				GCC_WARN_UNUSED_FUNCTION = YES;
				GCC_WARN_UNUSED_VARIABLE = YES;
				IPHONEOS_DEPLOYMENT_TARGET = 9.3;
				MTL_ENABLE_DEBUG_INFO = NO;
				SDKROOT = iphoneos;
				SWIFT_OPTIMIZATION_LEVEL = "-Owholemodule";
				TARGETED_DEVICE_FAMILY = "1,2";
				VALIDATE_PRODUCT = YES;
			};
			name = Release;
		};
		324B260F1E1FD37200893BD8 /* Debug */ = {
			isa = XCBuildConfiguration;
			buildSettings = {
				ASSETCATALOG_COMPILER_APPICON_NAME = AppIcon;
				"CODE_SIGN_IDENTITY[sdk=iphoneos*]" = "iPhone Developer";
				DEVELOPMENT_TEAM = H3KK5B2KGB;
				INFOPLIST_FILE = UIKitDynamicsDemo/Info.plist;
				LD_RUNPATH_SEARCH_PATHS = "$(inherited) @executable_path/Frameworks";
				PRODUCT_BUNDLE_IDENTIFIER = com.mentormate.UIKitDynamicsDemo;
				PRODUCT_NAME = "$(TARGET_NAME)";
				PROVISIONING_PROFILE = "e3c19095-8d13-4516-af65-238aee388391";
				PROVISIONING_PROFILE_SPECIFIER = "Enterprise Development";
				SWIFT_VERSION = 3.0;
			};
			name = Debug;
		};
		324B26101E1FD37200893BD8 /* Release */ = {
			isa = XCBuildConfiguration;
			buildSettings = {
				ASSETCATALOG_COMPILER_APPICON_NAME = AppIcon;
				DEVELOPMENT_TEAM = "";
				INFOPLIST_FILE = UIKitDynamicsDemo/Info.plist;
				LD_RUNPATH_SEARCH_PATHS = "$(inherited) @executable_path/Frameworks";
				PRODUCT_BUNDLE_IDENTIFIER = com.mentormate.UIKitDynamicsDemo;
				PRODUCT_NAME = "$(TARGET_NAME)";
				SWIFT_VERSION = 3.0;
			};
			name = Release;
		};
/* End XCBuildConfiguration section */

/* Begin XCConfigurationList section */
		324B25F71E1FD37200893BD8 /* Build configuration list for PBXProject "UIKitDynamicsDemo" */ = {
			isa = XCConfigurationList;
			buildConfigurations = (
				324B260C1E1FD37200893BD8 /* Debug */,
				324B260D1E1FD37200893BD8 /* Release */,
			);
			defaultConfigurationIsVisible = 0;
			defaultConfigurationName = Release;
		};
		324B260E1E1FD37200893BD8 /* Build configuration list for PBXNativeTarget "UIKitDynamicsDemo" */ = {
			isa = XCConfigurationList;
			buildConfigurations = (
				324B260F1E1FD37200893BD8 /* Debug */,
				324B26101E1FD37200893BD8 /* Release */,
			);
			defaultConfigurationIsVisible = 0;
			defaultConfigurationName = Release;
		};
/* End XCConfigurationList section */
	};
	rootObject = 324B25F41E1FD37200893BD8 /* Project object */;
}
